
Microsoft Visual Studio Solution File, Format Version 12.00
# Visual Studio 15
VisualStudioVersion = 15.0.28010.2026
MinimumVisualStudioVersion = 10.0.40219.1
Project("{8BC9CEB8-8B4A-11D0-8D11-00A0C91BC942}") = "Povezane liste", "Povezane liste\Povezane liste.vcxproj", "{383B735B-3E8C-4CC0-BADA-5FE59BBC02FE}"
EndProject
Global
	GlobalSection(SolutionConfigurationPlatforms) = preSolution
		Debug|x64 = Debug|x64
		Debug|x86 = Debug|x86
		Release|x64 = Release|x64
		Release|x86 = Release|x86
	EndGlobalSection
	GlobalSection(ProjectConfigurationPlatforms) = postSolution
		{383B735B-3E8C-4CC0-BADA-5FE59BBC02FE}.Debug|x64.ActiveCfg = Debug|x64
		{383B735B-3E8C-4CC0-BADA-5FE59BBC02FE}.Debug|x64.Build.0 = Debug|x64
		{383B735B-3E8C-4CC0-BADA-5FE59BBC02FE}.Debug|x86.ActiveCfg = Debug|Win32
		{383B735B-3E8C-4CC0-BADA-5FE59BBC02FE}.Debug|x86.Build.0 = Debug|Win32
		{383B735B-3E8C-4CC0-BADA-5FE59BBC02FE}.Release|x64.ActiveCfg = Release|x64
		{383B735B-3E8C-4CC0-BADA-5FE59BBC02FE}.Release|x64.Build.0 = Release|x64
		{383B735B-3E8C-4CC0-BADA-5FE59BBC02FE}.Release|x86.ActiveCfg = Release|Win32
		{383B735B-3E8C-4CC0-BADA-5FE59BBC02FE}.Release|x86.Build.0 = Release|Win32
	EndGlobalSection
	GlobalSection(SolutionProperties) = preSolution
		HideSolutionNode = FALSE
	EndGlobalSection
	GlobalSection(ExtensibilityGlobals) = postSolution
		SolutionGuid = {16D40E0F-30F1-41A4-B828-1FBF727C96D6}
	EndGlobalSection
EndGlobal
