
Microsoft Visual Studio Solution File, Format Version 12.00
# Visual Studio 15
VisualStudioVersion = 15.0.28010.2026
MinimumVisualStudioVersion = 10.0.40219.1
Project("{8BC9CEB8-8B4A-11D0-8D11-00A0C91BC942}") = "Sortiranje", "Sortiranje\Sortiranje.vcxproj", "{E0E35BD4-C4A9-4E62-B4C9-83553630CCAE}"
EndProject
Global
	GlobalSection(SolutionConfigurationPlatforms) = preSolution
		Debug|x64 = Debug|x64
		Debug|x86 = Debug|x86
		Release|x64 = Release|x64
		Release|x86 = Release|x86
	EndGlobalSection
	GlobalSection(ProjectConfigurationPlatforms) = postSolution
		{E0E35BD4-C4A9-4E62-B4C9-83553630CCAE}.Debug|x64.ActiveCfg = Debug|x64
		{E0E35BD4-C4A9-4E62-B4C9-83553630CCAE}.Debug|x64.Build.0 = Debug|x64
		{E0E35BD4-C4A9-4E62-B4C9-83553630CCAE}.Debug|x86.ActiveCfg = Debug|Win32
		{E0E35BD4-C4A9-4E62-B4C9-83553630CCAE}.Debug|x86.Build.0 = Debug|Win32
		{E0E35BD4-C4A9-4E62-B4C9-83553630CCAE}.Release|x64.ActiveCfg = Release|x64
		{E0E35BD4-C4A9-4E62-B4C9-83553630CCAE}.Release|x64.Build.0 = Release|x64
		{E0E35BD4-C4A9-4E62-B4C9-83553630CCAE}.Release|x86.ActiveCfg = Release|Win32
		{E0E35BD4-C4A9-4E62-B4C9-83553630CCAE}.Release|x86.Build.0 = Release|Win32
	EndGlobalSection
	GlobalSection(SolutionProperties) = preSolution
		HideSolutionNode = FALSE
	EndGlobalSection
	GlobalSection(ExtensibilityGlobals) = postSolution
		SolutionGuid = {B8BA0E59-D60F-4236-A79A-D6F81DC1DF9E}
	EndGlobalSection
EndGlobal
